
Microsoft Visual Studio Solution File, Format Version 12.00
# Visual Studio 15
VisualStudioVersion = 15.0.28307.329
MinimumVisualStudioVersion = 10.0.40219.1
Project("{FAE04EC0-301F-11D3-BF4B-00C04F79EFBC}") = "SalesManager", "SalesManager\SalesManager.csproj", "{2C8A296B-4AA9-4FA8-872C-DEEAA1F9EC91}"
EndProject
Project("{FAE04EC0-301F-11D3-BF4B-00C04F79EFBC}") = "SalesManager.Core", "SalesManager.Core\SalesManager.Core.csproj", "{71BE59C2-8EEB-4E5E-9DEC-D20E17C4F87B}"
EndProject
Project("{FAE04EC0-301F-11D3-BF4B-00C04F79EFBC}") = "SalesManager.DataAccess", "SalesManager.DataAccess\SalesManager.DataAccess.csproj", "{02AAA039-E8D7-4F1B-9DB8-9987AEC8B1DA}"
EndProject
Global
	GlobalSection(SolutionConfigurationPlatforms) = preSolution
		Debug|Any CPU = Debug|Any CPU
		Release|Any CPU = Release|Any CPU
	EndGlobalSection
	GlobalSection(ProjectConfigurationPlatforms) = postSolution
		{2C8A296B-4AA9-4FA8-872C-DEEAA1F9EC91}.Debug|Any CPU.ActiveCfg = Debug|Any CPU
		{2C8A296B-4AA9-4FA8-872C-DEEAA1F9EC91}.Debug|Any CPU.Build.0 = Debug|Any CPU
		{2C8A296B-4AA9-4FA8-872C-DEEAA1F9EC91}.Release|Any CPU.ActiveCfg = Release|Any CPU
		{2C8A296B-4AA9-4FA8-872C-DEEAA1F9EC91}.Release|Any CPU.Build.0 = Release|Any CPU
		{71BE59C2-8EEB-4E5E-9DEC-D20E17C4F87B}.Debug|Any CPU.ActiveCfg = Debug|Any CPU
		{71BE59C2-8EEB-4E5E-9DEC-D20E17C4F87B}.Debug|Any CPU.Build.0 = Debug|Any CPU
		{71BE59C2-8EEB-4E5E-9DEC-D20E17C4F87B}.Release|Any CPU.ActiveCfg = Release|Any CPU
		{71BE59C2-8EEB-4E5E-9DEC-D20E17C4F87B}.Release|Any CPU.Build.0 = Release|Any CPU
		{02AAA039-E8D7-4F1B-9DB8-9987AEC8B1DA}.Debug|Any CPU.ActiveCfg = Debug|Any CPU
		{02AAA039-E8D7-4F1B-9DB8-9987AEC8B1DA}.Debug|Any CPU.Build.0 = Debug|Any CPU
		{02AAA039-E8D7-4F1B-9DB8-9987AEC8B1DA}.Release|Any CPU.ActiveCfg = Release|Any CPU
		{02AAA039-E8D7-4F1B-9DB8-9987AEC8B1DA}.Release|Any CPU.Build.0 = Release|Any CPU
	EndGlobalSection
	GlobalSection(SolutionProperties) = preSolution
		HideSolutionNode = FALSE
	EndGlobalSection
	GlobalSection(ExtensibilityGlobals) = postSolution
		SolutionGuid = {C0C0CAD7-F54B-4AA9-B643-5DA661610300}
	EndGlobalSection
EndGlobal
